
Microsoft Visual Studio Solution File, Format Version 12.00
# Visual Studio Version 17
VisualStudioVersion = 17.7.34024.191
MinimumVisualStudioVersion = 10.0.40219.1
Project("{9A19103F-16F7-4668-BE54-9A1E7A4F7556}") = "UdemyAuthServer.API", "UdemyAuthServer.API\UdemyAuthServer.API.csproj", "{B985F0EA-F08B-456C-B3A7-C58B4E18158B}"
EndProject
Project("{9A19103F-16F7-4668-BE54-9A1E7A4F7556}") = "UdemyAuthServer.Core", "UdemyAuthServer.Core\UdemyAuthServer.Core.csproj", "{8E5C49E3-8C5C-4BFB-AB23-A1123A3A527B}"
EndProject
Project("{9A19103F-16F7-4668-BE54-9A1E7A4F7556}") = "UdemyAuthServer.Data", "UdemyAuthServer.Data\UdemyAuthServer.Data.csproj", "{821BE75F-E16E-4F53-9EF3-5CB2C9085F18}"
EndProject
Project("{9A19103F-16F7-4668-BE54-9A1E7A4F7556}") = "UdemyAuthServer.Service", "UdemyAuthServer.Service\UdemyAuthServer.Service.csproj", "{71B0F55E-B42E-437E-A2BC-2D47488DEB8E}"
EndProject
Project("{9A19103F-16F7-4668-BE54-9A1E7A4F7556}") = "MiniApp1.API", "MiniApp1.API\MiniApp1.API.csproj", "{47D67991-0854-4127-AED2-3FEA00EEA6A4}"
EndProject
Project("{9A19103F-16F7-4668-BE54-9A1E7A4F7556}") = "MiniApp2.API", "MiniApp2.API\MiniApp2.API.csproj", "{2133415B-B292-4A9D-B916-2CC01EE2D924}"
EndProject
Project("{9A19103F-16F7-4668-BE54-9A1E7A4F7556}") = "MiniApp3.API", "MiniApp3.API\MiniApp3.API.csproj", "{FC9F6C2F-5966-4968-8199-1D6D397D39FE}"
EndProject
Project("{9A19103F-16F7-4668-BE54-9A1E7A4F7556}") = "SharedLibrary", "SharedLibrary\SharedLibrary.csproj", "{86658025-8C7E-4D54-A335-F1373C47D0CB}"
EndProject
Global
	GlobalSection(SolutionConfigurationPlatforms) = preSolution
		Debug|Any CPU = Debug|Any CPU
		Release|Any CPU = Release|Any CPU
	EndGlobalSection
	GlobalSection(ProjectConfigurationPlatforms) = postSolution
		{B985F0EA-F08B-456C-B3A7-C58B4E18158B}.Debug|Any CPU.ActiveCfg = Debug|Any CPU
		{B985F0EA-F08B-456C-B3A7-C58B4E18158B}.Debug|Any CPU.Build.0 = Debug|Any CPU
		{B985F0EA-F08B-456C-B3A7-C58B4E18158B}.Release|Any CPU.ActiveCfg = Release|Any CPU
		{B985F0EA-F08B-456C-B3A7-C58B4E18158B}.Release|Any CPU.Build.0 = Release|Any CPU
		{8E5C49E3-8C5C-4BFB-AB23-A1123A3A527B}.Debug|Any CPU.ActiveCfg = Debug|Any CPU
		{8E5C49E3-8C5C-4BFB-AB23-A1123A3A527B}.Debug|Any CPU.Build.0 = Debug|Any CPU
		{8E5C49E3-8C5C-4BFB-AB23-A1123A3A527B}.Release|Any CPU.ActiveCfg = Release|Any CPU
		{8E5C49E3-8C5C-4BFB-AB23-A1123A3A527B}.Release|Any CPU.Build.0 = Release|Any CPU
		{821BE75F-E16E-4F53-9EF3-5CB2C9085F18}.Debug|Any CPU.ActiveCfg = Debug|Any CPU
		{821BE75F-E16E-4F53-9EF3-5CB2C9085F18}.Debug|Any CPU.Build.0 = Debug|Any CPU
		{821BE75F-E16E-4F53-9EF3-5CB2C9085F18}.Release|Any CPU.ActiveCfg = Release|Any CPU
		{821BE75F-E16E-4F53-9EF3-5CB2C9085F18}.Release|Any CPU.Build.0 = Release|Any CPU
		{71B0F55E-B42E-437E-A2BC-2D47488DEB8E}.Debug|Any CPU.ActiveCfg = Debug|Any CPU
		{71B0F55E-B42E-437E-A2BC-2D47488DEB8E}.Debug|Any CPU.Build.0 = Debug|Any CPU
		{71B0F55E-B42E-437E-A2BC-2D47488DEB8E}.Release|Any CPU.ActiveCfg = Release|Any CPU
		{71B0F55E-B42E-437E-A2BC-2D47488DEB8E}.Release|Any CPU.Build.0 = Release|Any CPU
		{47D67991-0854-4127-AED2-3FEA00EEA6A4}.Debug|Any CPU.ActiveCfg = Debug|Any CPU
		{47D67991-0854-4127-AED2-3FEA00EEA6A4}.Debug|Any CPU.Build.0 = Debug|Any CPU
		{47D67991-0854-4127-AED2-3FEA00EEA6A4}.Release|Any CPU.ActiveCfg = Release|Any CPU
		{47D67991-0854-4127-AED2-3FEA00EEA6A4}.Release|Any CPU.Build.0 = Release|Any CPU
		{2133415B-B292-4A9D-B916-2CC01EE2D924}.Debug|Any CPU.ActiveCfg = Debug|Any CPU
		{2133415B-B292-4A9D-B916-2CC01EE2D924}.Debug|Any CPU.Build.0 = Debug|Any CPU
		{2133415B-B292-4A9D-B916-2CC01EE2D924}.Release|Any CPU.ActiveCfg = Release|Any CPU
		{2133415B-B292-4A9D-B916-2CC01EE2D924}.Release|Any CPU.Build.0 = Release|Any CPU
		{FC9F6C2F-5966-4968-8199-1D6D397D39FE}.Debug|Any CPU.ActiveCfg = Debug|Any CPU
		{FC9F6C2F-5966-4968-8199-1D6D397D39FE}.Debug|Any CPU.Build.0 = Debug|Any CPU
		{FC9F6C2F-5966-4968-8199-1D6D397D39FE}.Release|Any CPU.ActiveCfg = Release|Any CPU
		{FC9F6C2F-5966-4968-8199-1D6D397D39FE}.Release|Any CPU.Build.0 = Release|Any CPU
		{86658025-8C7E-4D54-A335-F1373C47D0CB}.Debug|Any CPU.ActiveCfg = Debug|Any CPU
		{86658025-8C7E-4D54-A335-F1373C47D0CB}.Debug|Any CPU.Build.0 = Debug|Any CPU
		{86658025-8C7E-4D54-A335-F1373C47D0CB}.Release|Any CPU.ActiveCfg = Release|Any CPU
		{86658025-8C7E-4D54-A335-F1373C47D0CB}.Release|Any CPU.Build.0 = Release|Any CPU
	EndGlobalSection
	GlobalSection(SolutionProperties) = preSolution
		HideSolutionNode = FALSE
	EndGlobalSection
	GlobalSection(ExtensibilityGlobals) = postSolution
		SolutionGuid = {175C196D-BA2E-438B-99CC-07E0997BB186}
	EndGlobalSection
EndGlobal
